{
  "lockfileVersion": 1,
  "workspaces": {
    "": {
      "name": "octest",
      "dependencies": {
        "@ai-sdk/anthropic": "^2.0.55",
        "ai": "^5.0.112",
        "zod": "^4.1.13",
      },
      "devDependencies": {
        "@types/bun": "latest",
        "oxfmt": "^0.15.0",
        "oxlint": "^1.30.0",
        "oxlint-tsgolint": "^0.8.2",
      },
      "peerDependencies": {
        "typescript": "^5",
      },
    },
  },
  "packages": {
    "@ai-sdk/anthropic": ["@ai-sdk/anthropic@2.0.55", "", { "dependencies": { "@ai-sdk/provider": "2.0.0", "@ai-sdk/provider-utils": "3.0.19" }, "peerDependencies": { "zod": "^3.25.76 || ^4.1.8" } }, "sha512-jKOfnEntcR39Wd9b2MUEP2r6ucMyuzY2EYRH1lQzTcZutmEmHxXlIZD17OseFuhuYCKKBlQUBi8GyEl8/qB4qg=="],

    "@ai-sdk/gateway": ["@ai-sdk/gateway@2.0.21", "", { "dependencies": { "@ai-sdk/provider": "2.0.0", "@ai-sdk/provider-utils": "3.0.19", "@vercel/oidc": "3.0.5" }, "peerDependencies": { "zod": "^3.25.76 || ^4.1.8" } }, "sha512-BwV7DU/lAm3Xn6iyyvZdWgVxgLu3SNXzl5y57gMvkW4nGhAOV5269IrJzQwGt03bb107sa6H6uJwWxc77zXoGA=="],

    "@ai-sdk/provider": ["@ai-sdk/provider@2.0.0", "", { "dependencies": { "json-schema": "^0.4.0" } }, "sha512-6o7Y2SeO9vFKB8lArHXehNuusnpddKPk7xqL7T2/b+OvXMRIXUO1rR4wcv1hAFUAT9avGZshty3Wlua/XA7TvA=="],

    "@ai-sdk/provider-utils": ["@ai-sdk/provider-utils@3.0.19", "", { "dependencies": { "@ai-sdk/provider": "2.0.0", "@standard-schema/spec": "^1.0.0", "eventsource-parser": "^3.0.6" }, "peerDependencies": { "zod": "^3.25.76 || ^4.1.8" } }, "sha512-W41Wc9/jbUVXVwCN/7bWa4IKe8MtxO3EyA0Hfhx6grnmiYlCvpI8neSYWFE0zScXJkgA/YK3BRybzgyiXuu6JA=="],

    "@opentelemetry/api": ["@opentelemetry/api@1.9.0", "", {}, "sha512-3giAOQvZiH5F9bMlMiv8+GSPMeqg0dbaeo58/0SlA9sxSqZhnUtxzX9/2FzyhS9sWQf5S0GJE0AKBrFqjpeYcg=="],

    "@oxfmt/darwin-arm64": ["@oxfmt/darwin-arm64@0.15.0", "", { "os": "darwin", "cpu": "arm64" }, "sha512-M5xiXkqtwG/1yVlNZJaXeFJGs1jVTT7Q6gfdIU3nO8wXIj0lsfcirc55XPObWohA8T73oLh3Cp1oSQluxVXQrQ=="],

    "@oxfmt/darwin-x64": ["@oxfmt/darwin-x64@0.15.0", "", { "os": "darwin", "cpu": "x64" }, "sha512-HXBZBV1oqmZWcmXXQE+zXNpe8nOXyeY9oLeW6KfflR1HCicR75Tmer6Y5/euVOb/mDfegkkjReRoQnYxJ6CmtQ=="],

    "@oxfmt/linux-arm64-gnu": ["@oxfmt/linux-arm64-gnu@0.15.0", "", { "os": "linux", "cpu": "arm64" }, "sha512-udaMrO+a6XFCtr0wPMHNFxyYD824y0FzjMrll77P8t2jDxiNAwbEzbz7SU0VKSEH36K62bgS2Dn/yfWedXQFrQ=="],

    "@oxfmt/linux-arm64-musl": ["@oxfmt/linux-arm64-musl@0.15.0", "", { "os": "linux", "cpu": "arm64" }, "sha512-HHFSA5bL60DG2QjI9KnkCCImdBitLoun1LGitMpI9SQDYeKezDr8rz4IQWeE2h45dWltFFm5fONh6cwSLFeHOQ=="],

    "@oxfmt/linux-x64-gnu": ["@oxfmt/linux-x64-gnu@0.15.0", "", { "os": "linux", "cpu": "x64" }, "sha512-M1dN2Erxd5d5e/YP19Rv6TsDiHAgeAydOX/Qr42/CQfP93edohFOXvZsgthEGQVKNcc45SNDd2Fscx3szw68iA=="],

    "@oxfmt/linux-x64-musl": ["@oxfmt/linux-x64-musl@0.15.0", "", { "os": "linux", "cpu": "x64" }, "sha512-Y7f+Daz9/Hnmtkja6Va0E8iYYSSV4RGyIz8FD2flfd3BIA1TOVOYwlmkAFQkBUhwuIDsYOtsWcAXJAf8cWiAEw=="],

    "@oxfmt/win32-arm64": ["@oxfmt/win32-arm64@0.15.0", "", { "os": "win32", "cpu": "arm64" }, "sha512-IhrYWgy9yF5tynkScyiQEiTxvEXVo8L++JuIIv36p2Vdk7wPNtfq1tHSiu1nrUw33idjsWZ0QsP6Sx2e+48s0A=="],

    "@oxfmt/win32-x64": ["@oxfmt/win32-x64@0.15.0", "", { "os": "win32", "cpu": "x64" }, "sha512-ngMLVe0UxjKtjZ79MYp0qJDolltFOAFp511Tfr89nVv077cQosqZ0Sx7hmIQLA0G+wyADfG/UMNcpPVyC/Msig=="],

    "@oxlint-tsgolint/darwin-arm64": ["@oxlint-tsgolint/darwin-arm64@0.8.2", "", { "os": "darwin", "cpu": "arm64" }, "sha512-n01FG9eE1OvufW7OXC7VcILwnerEHsy0lDGBcr+ax8n/AV17A/Wksw6qyK74n19T5Xh5f6s2B/FvJo8N5Bhc8w=="],

    "@oxlint-tsgolint/darwin-x64": ["@oxlint-tsgolint/darwin-x64@0.8.2", "", { "os": "darwin", "cpu": "x64" }, "sha512-BNjkcVWqvuQNDIZGJvISRyY6sRUWsH3GMJ69tbSviA3nk7zg2dkJcwDqVkfAN21xKPtZ2em34qHPLrTSN60Y2A=="],

    "@oxlint-tsgolint/linux-arm64": ["@oxlint-tsgolint/linux-arm64@0.8.2", "", { "os": "linux", "cpu": "arm64" }, "sha512-r2ootVnS7HAy6JmLgxXshAvWyzVlmnjp/5bV68/DTq7OiC2Lua1iaIKVivD6NhzcGIsHU38aFueYg9L7v8e74Q=="],

    "@oxlint-tsgolint/linux-x64": ["@oxlint-tsgolint/linux-x64@0.8.2", "", { "os": "linux", "cpu": "x64" }, "sha512-7I+oZKDPIweok/5LFcBig3x7wcby4htcEq/jreeq7C5Vir4sCL/xxRm5VPBtQyTwlhLTk6/HXJXlzeVqXCUOQA=="],

    "@oxlint-tsgolint/win32-arm64": ["@oxlint-tsgolint/win32-arm64@0.8.2", "", { "os": "win32", "cpu": "arm64" }, "sha512-kOpbYaMxEqztyY5tvXWOKqRCKa03a+CbbrbgUF/ALLG3QpHl0YwxW4v2g6waCJ3Ghy8jKkqXeaYTYm/RbQMwFQ=="],

    "@oxlint-tsgolint/win32-x64": ["@oxlint-tsgolint/win32-x64@0.8.2", "", { "os": "win32", "cpu": "x64" }, "sha512-8BMc67feBJusts9F2hWrc6xnPE9CFQD5+j1k9dDHx418GSyJY/bjumPfneZtWB9qk55nEhzC3trvL8HtuIz2RA=="],

    "@oxlint/darwin-arm64": ["@oxlint/darwin-arm64@1.30.0", "", { "os": "darwin", "cpu": "arm64" }, "sha512-vIiTk1FBObXHvaG3WK/SpwCZP06fuHhSrn8mK2hEs2uSFWG63WgvLAHSGhI4U1X29JGf36zhfUzuKirDIVdKBQ=="],

    "@oxlint/darwin-x64": ["@oxlint/darwin-x64@1.30.0", "", { "os": "darwin", "cpu": "x64" }, "sha512-DP4ueul8Vza52gJX1/+jyXQjUsgjmPe4Pq5uYOVa8k2V8cKRb2JzBls+DugbeP7yzKNTmlSp3J2mUnHQXuntLA=="],

    "@oxlint/linux-arm64-gnu": ["@oxlint/linux-arm64-gnu@1.30.0", "", { "os": "linux", "cpu": "arm64" }, "sha512-1e9NvTvjzG6t1tnUzNU9HZTVwNwhZw2BDQxwIsXV743g54BIkvyZNNXOEGic/Jw4IuIXHzpX3ztVWZaSzvDopg=="],

    "@oxlint/linux-arm64-musl": ["@oxlint/linux-arm64-musl@1.30.0", "", { "os": "linux", "cpu": "arm64" }, "sha512-szb5RB8Tbk756/z/GAdmUn+H1E2815BbcM7s6JZYQgyCJxR0RCL1yFXgKyz3BjIDqzR98Tw8H3g4TeJbN2etAg=="],

    "@oxlint/linux-x64-gnu": ["@oxlint/linux-x64-gnu@1.30.0", "", { "os": "linux", "cpu": "x64" }, "sha512-yOWGu4a82yA8xLusaznW41IF5ZkvBNz/U++M2/tCYAQUoJKSfJuAS5AhApRMKZLKeX0Vmdagh0YwvC+e98QG0w=="],

    "@oxlint/linux-x64-musl": ["@oxlint/linux-x64-musl@1.30.0", "", { "os": "linux", "cpu": "x64" }, "sha512-qL1902VF4EMTZTZdJEIzzUQ+UD0IbH+IW6dhYZXbP9nTXJnItW1fk4cyJq5zfUVu1IoVwKK2FP1jUMqEsBlWTw=="],

    "@oxlint/win32-arm64": ["@oxlint/win32-arm64@1.30.0", "", { "os": "win32", "cpu": "arm64" }, "sha512-QK6C1djHKI7g1l5g6W9vkz9sd+sn1QJe6PbaV2sWFjVVoT0tO6LWygVWaci09ZHYVJ+lnCbbaFEgZ9jQhIs05A=="],

    "@oxlint/win32-x64": ["@oxlint/win32-x64@1.30.0", "", { "os": "win32", "cpu": "x64" }, "sha512-tbPnJIBUKke9KpceV+DpGyfN3LdhGaEPJHSuD4/mUEwP9Kk6IKSoDNih681RVGhgvaEZg3uHmQr6n9Uh0P3Yrg=="],

    "@standard-schema/spec": ["@standard-schema/spec@1.0.0", "", {}, "sha512-m2bOd0f2RT9k8QJx1JN85cZYyH1RqFBdlwtkSlf4tBDYLCiiZnv1fIIwacK6cqwXavOydf0NPToMQgpKq+dVlA=="],

    "@types/bun": ["@types/bun@1.3.3", "", { "dependencies": { "bun-types": "1.3.3" } }, "sha512-ogrKbJ2X5N0kWLLFKeytG0eHDleBYtngtlbu9cyBKFtNL3cnpDZkNdQj8flVf6WTZUX5ulI9AY1oa7ljhSrp+g=="],

    "@types/node": ["@types/node@24.10.1", "", { "dependencies": { "undici-types": "~7.16.0" } }, "sha512-GNWcUTRBgIRJD5zj+Tq0fKOJ5XZajIiBroOF0yvj2bSU1WvNdYS/dn9UxwsujGW4JX06dnHyjV2y9rRaybH0iQ=="],

    "@vercel/oidc": ["@vercel/oidc@3.0.5", "", {}, "sha512-fnYhv671l+eTTp48gB4zEsTW/YtRgRPnkI2nT7x6qw5rkI1Lq2hTmQIpHPgyThI0znLK+vX2n9XxKdXZ7BUbbw=="],

    "ai": ["ai@5.0.112", "", { "dependencies": { "@ai-sdk/gateway": "2.0.21", "@ai-sdk/provider": "2.0.0", "@ai-sdk/provider-utils": "3.0.19", "@opentelemetry/api": "1.9.0" }, "peerDependencies": { "zod": "^3.25.76 || ^4.1.8" } }, "sha512-Y0dluYpe5wn81UkfHbZL78mH6CsceUfMiu4oPRaWZvjlmcoXSPdEAsPcYbOjvX8ZPvQc6m4kNZhkcEXmT2ln4w=="],

    "bun-types": ["bun-types@1.3.3", "", { "dependencies": { "@types/node": "*" } }, "sha512-z3Xwlg7j2l9JY27x5Qn3Wlyos8YAp0kKRlrePAOjgjMGS5IG6E7Jnlx736vH9UVI4wUICwwhC9anYL++XeOgTQ=="],

    "eventsource-parser": ["eventsource-parser@3.0.6", "", {}, "sha512-Vo1ab+QXPzZ4tCa8SwIHJFaSzy4R6SHf7BY79rFBDf0idraZWAkYrDjDj8uWaSm3S2TK+hJ7/t1CEmZ7jXw+pg=="],

    "json-schema": ["json-schema@0.4.0", "", {}, "sha512-es94M3nTIfsEPisRafak+HDLfHXnKBhV3vU5eqPcS3flIWqcxJWgXHXiey3YrpaNsanY5ei1VoYEbOzijuq9BA=="],

    "oxfmt": ["oxfmt@0.15.0", "", { "optionalDependencies": { "@oxfmt/darwin-arm64": "0.15.0", "@oxfmt/darwin-x64": "0.15.0", "@oxfmt/linux-arm64-gnu": "0.15.0", "@oxfmt/linux-arm64-musl": "0.15.0", "@oxfmt/linux-x64-gnu": "0.15.0", "@oxfmt/linux-x64-musl": "0.15.0", "@oxfmt/win32-arm64": "0.15.0", "@oxfmt/win32-x64": "0.15.0" }, "bin": { "oxfmt": "bin/oxfmt" } }, "sha512-WOPBsZteu/H7t+3UGuEDyYi87+v2H96zyBwrEIwq4SEAt8P3bL6velrvs71V6aOpxjLcIPAnKjXeHScvFImI4w=="],

    "oxlint": ["oxlint@1.30.0", "", { "optionalDependencies": { "@oxlint/darwin-arm64": "1.30.0", "@oxlint/darwin-x64": "1.30.0", "@oxlint/linux-arm64-gnu": "1.30.0", "@oxlint/linux-arm64-musl": "1.30.0", "@oxlint/linux-x64-gnu": "1.30.0", "@oxlint/linux-x64-musl": "1.30.0", "@oxlint/win32-arm64": "1.30.0", "@oxlint/win32-x64": "1.30.0" }, "peerDependencies": { "oxlint-tsgolint": ">=0.8.1" }, "optionalPeers": ["oxlint-tsgolint"], "bin": { "oxlint": "bin/oxlint", "oxc_language_server": "bin/oxc_language_server" } }, "sha512-6Mcpj7Gn26QNRUpue9kRZKQg623mH10kLPl597sNCOfXeUZHTglrc2O54eskHMRA+tR7c0u73nW4GPwSFePLkA=="],

    "oxlint-tsgolint": ["oxlint-tsgolint@0.8.2", "", { "optionalDependencies": { "@oxlint-tsgolint/darwin-arm64": "0.8.2", "@oxlint-tsgolint/darwin-x64": "0.8.2", "@oxlint-tsgolint/linux-arm64": "0.8.2", "@oxlint-tsgolint/linux-x64": "0.8.2", "@oxlint-tsgolint/win32-arm64": "0.8.2", "@oxlint-tsgolint/win32-x64": "0.8.2" }, "bin": { "tsgolint": "bin/tsgolint.js" } }, "sha512-a60T/kPH09rroGNz1GtTWnzWANRBNS6XkoULwzgIqjNgrtxm5lKMKrFsPk7g+yKWteuGho7+JLvvLjtbl/WbEg=="],

    "typescript": ["typescript@5.9.3", "", { "bin": { "tsc": "bin/tsc", "tsserver": "bin/tsserver" } }, "sha512-jl1vZzPDinLr9eUt3J/t7V6FgNEw9QjvBPdysz9KfQDD41fQrC2Y4vKQdiaUpFT4bXlb1RHhLpp8wtm6M5TgSw=="],

    "undici-types": ["undici-types@7.16.0", "", {}, "sha512-Zz+aZWSj8LE6zoxD+xrjh4VfkIG8Ya6LvYkZqtUQGJPZjYl53ypCaUwWqo7eI0x66KBGeRo+mlBEkMSeSZ38Nw=="],

    "zod": ["zod@4.1.13", "", {}, "sha512-AvvthqfqrAhNH9dnfmrfKzX5upOdjUVJYFqNSlkmGf64gRaTzlPwz99IHYnVs28qYAybvAlBV+H7pn0saFY4Ig=="],
  }
}
